// !$*UTF8*$!
{
	archiveVersion = 1;
	classes = {
	};
	objectVersion = 46;
	objects = {

/* Begin PBXBuildFile section */
		8A40B7031C748C340056347F /* AppDelegate.swift in Sources */ = {isa = PBXBuildFile; fileRef = 8A40B7021C748C340056347F /* AppDelegate.swift */; };
		8A40B7051C748C340056347F /* ViewController.swift in Sources */ = {isa = PBXBuildFile; fileRef = 8A40B7041C748C340056347F /* ViewController.swift */; };
		8A40B7081C748C340056347F /* Main.storyboard in Resources */ = {isa = PBXBuildFile; fileRef = 8A40B7061C748C340056347F /* Main.storyboard */; };
		8A40B70A1C748C340056347F /* Assets.xcassets in Resources */ = {isa = PBXBuildFile; fileRef = 8A40B7091C748C340056347F /* Assets.xcassets */; };
		8A40B70D1C748C340056347F /* LaunchScreen.storyboard in Resources */ = {isa = PBXBuildFile; fileRef = 8A40B70B1C748C340056347F /* LaunchScreen.storyboard */; };
		8A40B7181C748C340056347F /* MusicVideoTests.swift in Sources */ = {isa = PBXBuildFile; fileRef = 8A40B7171C748C340056347F /* MusicVideoTests.swift */; };
/* End PBXBuildFile section */

/* Begin PBXContainerItemProxy section */
		8A40B7141C748C340056347F /* PBXContainerItemProxy */ = {
			isa = PBXContainerItemProxy;
			containerPortal = 8A40B6F71C748C340056347F /* Project object */;
			proxyType = 1;
			remoteGlobalIDString = 8A40B6FE1C748C340056347F;
			remoteInfo = MusicVideo;
		};
/* End PBXContainerItemProxy section */

/* Begin PBXFileReference section */
		8A40B6FF1C748C340056347F /* MusicVideo.app */ = {isa = PBXFileReference; explicitFileType = wrapper.application; includeInIndex = 0; path = MusicVideo.app; sourceTree = BUILT_PRODUCTS_DIR; };
		8A40B7021C748C340056347F /* AppDelegate.swift */ = {isa = PBXFileReference; lastKnownFileType = sourcecode.swift; path = AppDelegate.swift; sourceTree = "<group>"; };
		8A40B7041C748C340056347F /* ViewController.swift */ = {isa = PBXFileReference; lastKnownFileType = sourcecode.swift; path = ViewController.swift; sourceTree = "<group>"; };
		8A40B7071C748C340056347F /* Base */ = {isa = PBXFileReference; lastKnownFileType = file.storyboard; name = Base; path = Base.lproj/Main.storyboard; sourceTree = "<group>"; };
		8A40B7091C748C340056347F /* Assets.xcassets */ = {isa = PBXFileReference; lastKnownFileType = folder.assetcatalog; path = Assets.xcassets; sourceTree = "<group>"; };
		8A40B70C1C748C340056347F /* Base */ = {isa = PBXFileReference; lastKnownFileType = file.storyboard; name = Base; path = Base.lproj/LaunchScreen.storyboard; sourceTree = "<group>"; };
		8A40B70E1C748C340056347F /* Info.plist */ = {isa = PBXFileReference; lastKnownFileType = text.plist.xml; path = Info.plist; sourceTree = "<group>"; };
		8A40B7131C748C340056347F /* MusicVideoTests.xctest */ = {isa = PBXFileReference; explicitFileType = wrapper.cfbundle; includeInIndex = 0; path = MusicVideoTests.xctest; sourceTree = BUILT_PRODUCTS_DIR; };
		8A40B7171C748C340056347F /* MusicVideoTests.swift */ = {isa = PBXFileReference; lastKnownFileType = sourcecode.swift; path = MusicVideoTests.swift; sourceTree = "<group>"; };
		8A40B7191C748C340056347F /* Info.plist */ = {isa = PBXFileReference; lastKnownFileType = text.plist.xml; path = Info.plist; sourceTree = "<group>"; };
/* End PBXFileReference section */

/* Begin PBXFrameworksBuildPhase section */
		8A40B6FC1C748C340056347F /* Frameworks */ = {
			isa = PBXFrameworksBuildPhase;
			buildActionMask = 2147483647;
			files = (
			);
			runOnlyForDeploymentPostprocessing = 0;
		};
		8A40B7101C748C340056347F /* Frameworks */ = {
			isa = PBXFrameworksBuildPhase;
			buildActionMask = 2147483647;
			files = (
			);
			runOnlyForDeploymentPostprocessing = 0;
		};
/* End PBXFrameworksBuildPhase section */

/* Begin PBXGroup section */
		8A40B6F61C748C340056347F = {
			isa = PBXGroup;
			children = (
				8A40B7011C748C340056347F /* MusicVideo */,
				8A40B7161C748C340056347F /* MusicVideoTests */,
				8A40B7001C748C340056347F /* Products */,
			);
			sourceTree = "<group>";
		};
		8A40B7001C748C340056347F /* Products */ = {
			isa = PBXGroup;
			children = (
				8A40B6FF1C748C340056347F /* MusicVideo.app */,
				8A40B7131C748C340056347F /* MusicVideoTests.xctest */,
			);
			name = Products;
			sourceTree = "<group>";
		};
		8A40B7011C748C340056347F /* MusicVideo */ = {
			isa = PBXGroup;
			children = (
				8A40B7221C748CCA0056347F /* New Group */,
				8A40B7231C748CE60056347F /* Supporting Files */,
				8A40B7251C748D0F0056347F /* Controllers */,
				8A40B7241C748D040056347F /* Views */,
			);
			path = MusicVideo;
			sourceTree = "<group>";
		};
		8A40B7161C748C340056347F /* MusicVideoTests */ = {
			isa = PBXGroup;
			children = (
				8A40B7171C748C340056347F /* MusicVideoTests.swift */,
				8A40B7191C748C340056347F /* Info.plist */,
			);
			path = MusicVideoTests;
			sourceTree = "<group>";
		};
		8A40B7221C748CCA0056347F /* New Group */ = {
			isa = PBXGroup;
			children = (
			);
			name = "New Group";
			sourceTree = "<group>";
		};
		8A40B7231C748CE60056347F /* Supporting Files */ = {
			isa = PBXGroup;
			children = (
				8A40B7021C748C340056347F /* AppDelegate.swift */,
				8A40B7091C748C340056347F /* Assets.xcassets */,
				8A40B70E1C748C340056347F /* Info.plist */,
			);
			name = "Supporting Files";
			sourceTree = "<group>";
		};
		8A40B7241C748D040056347F /* Views */ = {
			isa = PBXGroup;
			children = (
				8A40B7061C748C340056347F /* Main.storyboard */,
				8A40B70B1C748C340056347F /* LaunchScreen.storyboard */,
			);
			name = Views;
			sourceTree = "<group>";
		};
		8A40B7251C748D0F0056347F /* Controllers */ = {
			isa = PBXGroup;
			children = (
				8A40B7041C748C340056347F /* ViewController.swift */,
			);
			name = Controllers;
			sourceTree = "<group>";
		};
/* End PBXGroup section */

/* Begin PBXNativeTarget section */
		8A40B6FE1C748C340056347F /* MusicVideo */ = {
			isa = PBXNativeTarget;
			buildConfigurationList = 8A40B71C1C748C340056347F /* Build configuration list for PBXNativeTarget "MusicVideo" */;
			buildPhases = (
				8A40B6FB1C748C340056347F /* Sources */,
				8A40B6FC1C748C340056347F /* Frameworks */,
				8A40B6FD1C748C340056347F /* Resources */,
			);
			buildRules = (
			);
			dependencies = (
			);
			name = MusicVideo;
			productName = MusicVideo;
			productReference = 8A40B6FF1C748C340056347F /* MusicVideo.app */;
			productType = "com.apple.product-type.application";
		};
		8A40B7121C748C340056347F /* MusicVideoTests */ = {
			isa = PBXNativeTarget;
			buildConfigurationList = 8A40B71F1C748C340056347F /* Build configuration list for PBXNativeTarget "MusicVideoTests" */;
			buildPhases = (
				8A40B70F1C748C340056347F /* Sources */,
				8A40B7101C748C340056347F /* Frameworks */,
				8A40B7111C748C340056347F /* Resources */,
			);
			buildRules = (
			);
			dependencies = (
				8A40B7151C748C340056347F /* PBXTargetDependency */,
			);
			name = MusicVideoTests;
			productName = MusicVideoTests;
			productReference = 8A40B7131C748C340056347F /* MusicVideoTests.xctest */;
			productType = "com.apple.product-type.bundle.unit-test";
		};
/* End PBXNativeTarget section */

/* Begin PBXProject section */
		8A40B6F71C748C340056347F /* Project object */ = {
			isa = PBXProject;
			attributes = {
				LastSwiftUpdateCheck = 0720;
				LastUpgradeCheck = 0720;
				ORGANIZATIONNAME = "ND NINJA";
				TargetAttributes = {
					8A40B6FE1C748C340056347F = {
						CreatedOnToolsVersion = 7.2;
					};
					8A40B7121C748C340056347F = {
						CreatedOnToolsVersion = 7.2;
						TestTargetID = 8A40B6FE1C748C340056347F;
					};
				};
			};
			buildConfigurationList = 8A40B6FA1C748C340056347F /* Build configuration list for PBXProject "MusicVideo" */;
			compatibilityVersion = "Xcode 3.2";
			developmentRegion = English;
			hasScannedForEncodings = 0;
			knownRegions = (
				en,
				Base,
			);
			mainGroup = 8A40B6F61C748C340056347F;
			productRefGroup = 8A40B7001C748C340056347F /* Products */;
			projectDirPath = "";
			projectRoot = "";
			targets = (
				8A40B6FE1C748C340056347F /* MusicVideo */,
				8A40B7121C748C340056347F /* MusicVideoTests */,
			);
		};
/* End PBXProject section */

/* Begin PBXResourcesBuildPhase section */
		8A40B6FD1C748C340056347F /* Resources */ = {
			isa = PBXResourcesBuildPhase;
			buildActionMask = 2147483647;
			files = (
				8A40B70D1C748C340056347F /* LaunchScreen.storyboard in Resources */,
				8A40B70A1C748C340056347F /* Assets.xcassets in Resources */,
				8A40B7081C748C340056347F /* Main.storyboard in Resources */,
			);
			runOnlyForDeploymentPostprocessing = 0;
		};
		8A40B7111C748C340056347F /* Resources */ = {
			isa = PBXResourcesBuildPhase;
			buildActionMask = 2147483647;
			files = (
			);
			runOnlyForDeploymentPostprocessing = 0;
		};
/* End PBXResourcesBuildPhase section */

/* Begin PBXSourcesBuildPhase section */
		8A40B6FB1C748C340056347F /* Sources */ = {
			isa = PBXSourcesBuildPhase;
			buildActionMask = 2147483647;
			files = (
				8A40B7051C748C340056347F /* ViewController.swift in Sources */,
				8A40B7031C748C340056347F /* AppDelegate.swift in Sources */,
			);
			runOnlyForDeploymentPostprocessing = 0;
		};
		8A40B70F1C748C340056347F /* Sources */ = {
			isa = PBXSourcesBuildPhase;
			buildActionMask = 2147483647;
			files = (
				8A40B7181C748C340056347F /* MusicVideoTests.swift in Sources */,
			);
			runOnlyForDeploymentPostprocessing = 0;
		};
/* End PBXSourcesBuildPhase section */

/* Begin PBXTargetDependency section */
		8A40B7151C748C340056347F /* PBXTargetDependency */ = {
			isa = PBXTargetDependency;
			target = 8A40B6FE1C748C340056347F /* MusicVideo */;
			targetProxy = 8A40B7141C748C340056347F /* PBXContainerItemProxy */;
		};
/* End PBXTargetDependency section */

/* Begin PBXVariantGroup section */
		8A40B7061C748C340056347F /* Main.storyboard */ = {
			isa = PBXVariantGroup;
			children = (
				8A40B7071C748C340056347F /* Base */,
			);
			name = Main.storyboard;
			sourceTree = "<group>";
		};
		8A40B70B1C748C340056347F /* LaunchScreen.storyboard */ = {
			isa = PBXVariantGroup;
			children = (
				8A40B70C1C748C340056347F /* Base */,
			);
			name = LaunchScreen.storyboard;
			sourceTree = "<group>";
		};
/* End PBXVariantGroup section */

/* Begin XCBuildConfiguration section */
		8A40B71A1C748C340056347F /* Debug */ = {
			isa = XCBuildConfiguration;
			buildSettings = {
				ALWAYS_SEARCH_USER_PATHS = NO;
				CLANG_CXX_LANGUAGE_STANDARD = "gnu++0x";
				CLANG_CXX_LIBRARY = "libc++";
				CLANG_ENABLE_MODULES = YES;
				CLANG_ENABLE_OBJC_ARC = YES;
				CLANG_WARN_BOOL_CONVERSION = YES;
				CLANG_WARN_CONSTANT_CONVERSION = YES;
				CLANG_WARN_DIRECT_OBJC_ISA_USAGE = YES_ERROR;
				CLANG_WARN_EMPTY_BODY = YES;
				CLANG_WARN_ENUM_CONVERSION = YES;
				CLANG_WARN_INT_CONVERSION = YES;
				CLANG_WARN_OBJC_ROOT_CLASS = YES_ERROR;
				CLANG_WARN_UNREACHABLE_CODE = YES;
				CLANG_WARN__DUPLICATE_METHOD_MATCH = YES;
				"CODE_SIGN_IDENTITY[sdk=iphoneos*]" = "iPhone Developer";
				COPY_PHASE_STRIP = NO;
				DEBUG_INFORMATION_FORMAT = dwarf;
				ENABLE_STRICT_OBJC_MSGSEND = YES;
				ENABLE_TESTABILITY = YES;
				GCC_C_LANGUAGE_STANDARD = gnu99;
				GCC_DYNAMIC_NO_PIC = NO;
				GCC_NO_COMMON_BLOCKS = YES;
				GCC_OPTIMIZATION_LEVEL = 0;
				GCC_PREPROCESSOR_DEFINITIONS = (
					"DEBUG=1",
					"$(inherited)",
				);
				GCC_WARN_64_TO_32_BIT_CONVERSION = YES;
				GCC_WARN_ABOUT_RETURN_TYPE = YES_ERROR;
				GCC_WARN_UNDECLARED_SELECTOR = YES;
				GCC_WARN_UNINITIALIZED_AUTOS = YES_AGGRESSIVE;
				GCC_WARN_UNUSED_FUNCTION = YES;
				GCC_WARN_UNUSED_VARIABLE = YES;
				IPHONEOS_DEPLOYMENT_TARGET = 9.2;
				MTL_ENABLE_DEBUG_INFO = YES;
				ONLY_ACTIVE_ARCH = YES;
				SDKROOT = iphoneos;
				SWIFT_OPTIMIZATION_LEVEL = "-Onone";
				TARGETED_DEVICE_FAMILY = "1,2";
			};
			name = Debug;
		};
		8A40B71B1C748C340056347F /* Release */ = {
			isa = XCBuildConfiguration;
			buildSettings = {
				ALWAYS_SEARCH_USER_PATHS = NO;
				CLANG_CXX_LANGUAGE_STANDARD = "gnu++0x";
				CLANG_CXX_LIBRARY = "libc++";
				CLANG_ENABLE_MODULES = YES;
				CLANG_ENABLE_OBJC_ARC = YES;
				CLANG_WARN_BOOL_CONVERSION = YES;
				CLANG_WARN_CONSTANT_CONVERSION = YES;
				CLANG_WARN_DIRECT_OBJC_ISA_USAGE = YES_ERROR;
				CLANG_WARN_EMPTY_BODY = YES;
				CLANG_WARN_ENUM_CONVERSION = YES;
				CLANG_WARN_INT_CONVERSION = YES;
				CLANG_WARN_OBJC_ROOT_CLASS = YES_ERROR;
				CLANG_WARN_UNREACHABLE_CODE = YES;
				CLANG_WARN__DUPLICATE_METHOD_MATCH = YES;
				"CODE_SIGN_IDENTITY[sdk=iphoneos*]" = "iPhone Developer";
				COPY_PHASE_STRIP = NO;
				DEBUG_INFORMATION_FORMAT = "dwarf-with-dsym";
				ENABLE_NS_ASSERTIONS = NO;
				ENABLE_STRICT_OBJC_MSGSEND = YES;
				GCC_C_LANGUAGE_STANDARD = gnu99;
				GCC_NO_COMMON_BLOCKS = YES;
				GCC_WARN_64_TO_32_BIT_CONVERSION = YES;
				GCC_WARN_ABOUT_RETURN_TYPE = YES_ERROR;
				GCC_WARN_UNDECLARED_SELECTOR = YES;
				GCC_WARN_UNINITIALIZED_AUTOS = YES_AGGRESSIVE;
				GCC_WARN_UNUSED_FUNCTION = YES;
				GCC_WARN_UNUSED_VARIABLE = YES;
				IPHONEOS_DEPLOYMENT_TARGET = 9.2;
				MTL_ENABLE_DEBUG_INFO = NO;
				SDKROOT = iphoneos;
				TARGETED_DEVICE_FAMILY = "1,2";
				VALIDATE_PRODUCT = YES;
			};
			name = Release;
		};
		8A40B71D1C748C340056347F /* Debug */ = {
			isa = XCBuildConfiguration;
			buildSettings = {
				ASSETCATALOG_COMPILER_APPICON_NAME = AppIcon;
				INFOPLIST_FILE = MusicVideo/Info.plist;
				LD_RUNPATH_SEARCH_PATHS = "$(inherited) @executable_path/Frameworks";
				PRODUCT_BUNDLE_IDENTIFIER = xyz.ndninja.MusicVideo;
				PRODUCT_NAME = "$(TARGET_NAME)";
			};
			name = Debug;
		};
		8A40B71E1C748C340056347F /* Release */ = {
			isa = XCBuildConfiguration;
			buildSettings = {
				ASSETCATALOG_COMPILER_APPICON_NAME = AppIcon;
				INFOPLIST_FILE = MusicVideo/Info.plist;
				LD_RUNPATH_SEARCH_PATHS = "$(inherited) @executable_path/Frameworks";
				PRODUCT_BUNDLE_IDENTIFIER = xyz.ndninja.MusicVideo;
				PRODUCT_NAME = "$(TARGET_NAME)";
			};
			name = Release;
		};
		8A40B7201C748C340056347F /* Debug */ = {
			isa = XCBuildConfiguration;
			buildSettings = {
				BUNDLE_LOADER = "$(TEST_HOST)";
				INFOPLIST_FILE = MusicVideoTests/Info.plist;
				LD_RUNPATH_SEARCH_PATHS = "$(inherited) @executable_path/Frameworks @loader_path/Frameworks";
				PRODUCT_BUNDLE_IDENTIFIER = xyz.ndninja.MusicVideoTests;
				PRODUCT_NAME = "$(TARGET_NAME)";
				TEST_HOST = "$(BUILT_PRODUCTS_DIR)/MusicVideo.app/MusicVideo";
			};
			name = Debug;
		};
		8A40B7211C748C340056347F /* Release */ = {
			isa = XCBuildConfiguration;
			buildSettings = {
				BUNDLE_LOADER = "$(TEST_HOST)";
				INFOPLIST_FILE = MusicVideoTests/Info.plist;
				LD_RUNPATH_SEARCH_PATHS = "$(inherited) @executable_path/Frameworks @loader_path/Frameworks";
				PRODUCT_BUNDLE_IDENTIFIER = xyz.ndninja.MusicVideoTests;
				PRODUCT_NAME = "$(TARGET_NAME)";
				TEST_HOST = "$(BUILT_PRODUCTS_DIR)/MusicVideo.app/MusicVideo";
			};
			name = Release;
		};
/* End XCBuildConfiguration section */

/* Begin XCConfigurationList section */
		8A40B6FA1C748C340056347F /* Build configuration list for PBXProject "MusicVideo" */ = {
			isa = XCConfigurationList;
			buildConfigurations = (
				8A40B71A1C748C340056347F /* Debug */,
				8A40B71B1C748C340056347F /* Release */,
			);
			defaultConfigurationIsVisible = 0;
			defaultConfigurationName = Release;
		};
		8A40B71C1C748C340056347F /* Build configuration list for PBXNativeTarget "MusicVideo" */ = {
			isa = XCConfigurationList;
			buildConfigurations = (
				8A40B71D1C748C340056347F /* Debug */,
				8A40B71E1C748C340056347F /* Release */,
			);
			defaultConfigurationIsVisible = 0;
		};
		8A40B71F1C748C340056347F /* Build configuration list for PBXNativeTarget "MusicVideoTests" */ = {
			isa = XCConfigurationList;
			buildConfigurations = (
				8A40B7201C748C340056347F /* Debug */,
				8A40B7211C748C340056347F /* Release */,
			);
			defaultConfigurationIsVisible = 0;
		};
/* End XCConfigurationList section */
	};
	rootObject = 8A40B6F71C748C340056347F /* Project object */;
}
